{
  "version": 4,
  "terraform_version": "1.4.6",
  "serial": 22,
  "lineage": "9733592c-54a4-3d63-1cea-f3eadc4b392b",
  "outputs": {
    "Security_Group": {
      "value": "sg-031801782af633748",
      "type": "string"
    },
    "keyname": {
      "value": "tera-key",
      "type": "string"
    }
  },
  "resources": [
    {
      "mode": "managed",
      "type": "aws_instance",
      "name": "terraform_instance",
      "provider": "provider[\"registry.terraform.io/hashicorp/aws\"]",
      "instances": [
        {
          "schema_version": 1,
          "attributes": {
            "ami": "ami-0763cf792771fe1bd",
            "arn": "arn:aws:ec2:ap-south-1:084006927587:instance/i-0e2b3ca8ed31f4d10",
            "associate_public_ip_address": true,
            "availability_zone": "ap-south-1c",
            "capacity_reservation_specification": [
              {
                "capacity_reservation_preference": "open",
                "capacity_reservation_target": []
              }
            ],
            "cpu_core_count": 1,
            "cpu_options": [
              {
                "amd_sev_snp": "",
                "core_count": 1,
                "threads_per_core": 2
              }
            ],
            "cpu_threads_per_core": 2,
            "credit_specification": [
              {
                "cpu_credits": "unlimited"
              }
            ],
            "disable_api_stop": false,
            "disable_api_termination": false,
            "ebs_block_device": [],
            "ebs_optimized": false,
            "enclave_options": [
              {
                "enabled": false
              }
            ],
            "ephemeral_block_device": [],
            "get_password_data": false,
            "hibernation": false,
            "host_id": "",
            "host_resource_group_arn": null,
            "iam_instance_profile": "",
            "id": "i-0e2b3ca8ed31f4d10",
            "instance_initiated_shutdown_behavior": "stop",
            "instance_state": "running",
            "instance_type": "t3.large",
            "ipv6_address_count": 0,
            "ipv6_addresses": [],
            "key_name": "tera-key",
            "launch_template": [],
            "maintenance_options": [
              {
                "auto_recovery": "default"
              }
            ],
            "metadata_options": [
              {
                "http_endpoint": "enabled",
                "http_put_response_hop_limit": 1,
                "http_tokens": "optional",
                "instance_metadata_tags": "disabled"
              }
            ],
            "monitoring": false,
            "network_interface": [],
            "outpost_arn": "",
            "password_data": "",
            "placement_group": "",
            "placement_partition_number": 0,
            "primary_network_interface_id": "eni-0f822929ca0741b01",
            "private_dns": "ip-172-31-31-204.ap-south-1.compute.internal",
            "private_dns_name_options": [
              {
                "enable_resource_name_dns_a_record": false,
                "enable_resource_name_dns_aaaa_record": false,
                "hostname_type": "ip-name"
              }
            ],
            "private_ip": "172.31.31.204",
            "public_dns": "ec2-65-0-118-141.ap-south-1.compute.amazonaws.com",
            "public_ip": "65.0.118.141",
            "root_block_device": [
              {
                "delete_on_termination": true,
                "device_name": "/dev/sda1",
                "encrypted": false,
                "iops": 100,
                "kms_key_id": "",
                "tags": {},
                "throughput": 0,
                "volume_id": "vol-0360c942032b6ff3f",
                "volume_size": 10,
                "volume_type": "gp2"
              }
            ],
            "secondary_private_ips": [],
            "security_groups": [
              "terraform_SG"
            ],
            "source_dest_check": true,
            "subnet_id": "subnet-02a9b73a402b61aef",
            "tags": {
              "Name": "terraform"
            },
            "tags_all": {
              "Name": "terraform"
            },
            "tenancy": "default",
            "timeouts": null,
            "user_data": null,
            "user_data_base64": null,
            "user_data_replace_on_change": false,
            "volume_tags": null,
            "vpc_security_group_ids": [
              "sg-031801782af633748"
            ]
          },
          "sensitive_attributes": [],
          "private": "eyJlMmJmYjczMC1lY2FhLTExZTYtOGY4OC0zNDM2M2JjN2M0YzAiOnsiY3JlYXRlIjo2MDAwMDAwMDAwMDAsImRlbGV0ZSI6MTIwMDAwMDAwMDAwMCwidXBkYXRlIjo2MDAwMDAwMDAwMDB9LCJzY2hlbWFfdmVyc2lvbiI6IjEifQ==",
          "dependencies": [
            "aws_key_pair.tera-key",
            "aws_security_group.terraform_SG"
          ]
        }
      ]
    },
    {
      "mode": "managed",
      "type": "aws_key_pair",
      "name": "tera-key",
      "provider": "provider[\"registry.terraform.io/hashicorp/aws\"]",
      "instances": [
        {
          "schema_version": 1,
          "attributes": {
            "arn": "arn:aws:ec2:ap-south-1:084006927587:key-pair/tera-key",
            "fingerprint": "c4:bb:a3:45:ec:7e:a3:fa:77:8b:70:ba:a5:cc:8f:bc",
            "id": "tera-key",
            "key_name": "tera-key",
            "key_name_prefix": "",
            "key_pair_id": "key-0b5f5ee3476931fc1",
            "key_type": "rsa",
            "public_key": "ssh-rsa AAAAB3NzaC1yc2EAAAADAQABAAABgQDOBwUOiDrtRQntTjMemV7FRJ0wtCBC/OjHcIY8kacKza6fGGAuL9qD+zQo1YT89rHiLS0MRWtsJu7FWolMn2/zJVN5v+di2AH5+A8O4pV84Lsz+7v+SElXaIcDOtgBQLOFuDq99iNgAUHZMQOb0jGHuGFAZn7AnAf24JcVzW5RNjcajIH9q973g5hJVREFAewAxYeAG+yRXALTZimciqmBBcIEPXBVkPauzoidn0VUR1tcoC/d88FGB/bhB2n9aHP5qoHIPaWIHKrYGuLuqE0G1wYaeMomOGzW/OOHBBSeKXNYLXx79xrscCkdZEz2MWy4FGxafR2gYeddFm1v/4ziYxknf99DbdsCNPrgZsDdN8txc4cK6vW/QY26Xu4jfTAtA2Iuqfrb/BIeIwjP7PIKyZLQ+fRZuXOaDPVkXEshNncuwOLltG82vBE5F3b+MYqOrvFqMSVIJA8OntlAcCLNpmM2xOP13WTWhLWUKUq5qTxMJwhrkwr8oj/RVjfJ+N0= krish@Krishnendus-MacBook-Pro.local",
            "tags": null,
            "tags_all": {}
          },
          "sensitive_attributes": [],
          "private": "eyJzY2hlbWFfdmVyc2lvbiI6IjEifQ=="
        }
      ]
    },
    {
      "mode": "managed",
      "type": "aws_security_group",
      "name": "terraform_SG",
      "provider": "provider[\"registry.terraform.io/hashicorp/aws\"]",
      "instances": [
        {
          "status": "tainted",
          "schema_version": 1,
          "attributes": {
            "arn": "arn:aws:ec2:ap-south-1:084006927587:security-group/sg-031801782af633748",
            "description": "Allow TLS inbound traffic",
            "egress": [],
            "id": "sg-031801782af633748",
            "ingress": [
              {
                "cidr_blocks": [
                  "0.0.0.0/0"
                ],
                "description": "TLS from VPC",
                "from_port": 22,
                "ipv6_cidr_blocks": [],
                "prefix_list_ids": [],
                "protocol": "tcp",
                "security_groups": [],
                "self": false,
                "to_port": 22
              },
              {
                "cidr_blocks": [
                  "0.0.0.0/0"
                ],
                "description": "TLS from VPC",
                "from_port": 27017,
                "ipv6_cidr_blocks": [],
                "prefix_list_ids": [],
                "protocol": "tcp",
                "security_groups": [],
                "self": false,
                "to_port": 27017
              },
              {
                "cidr_blocks": [
                  "0.0.0.0/0"
                ],
                "description": "TLS from VPC",
                "from_port": 3306,
                "ipv6_cidr_blocks": [],
                "prefix_list_ids": [],
                "protocol": "tcp",
                "security_groups": [],
                "self": false,
                "to_port": 3306
              },
              {
                "cidr_blocks": [
                  "0.0.0.0/0"
                ],
                "description": "TLS from VPC",
                "from_port": 443,
                "ipv6_cidr_blocks": [],
                "prefix_list_ids": [],
                "protocol": "tcp",
                "security_groups": [],
                "self": false,
                "to_port": 443
              },
              {
                "cidr_blocks": [
                  "0.0.0.0/0"
                ],
                "description": "TLS from VPC",
                "from_port": 80,
                "ipv6_cidr_blocks": [],
                "prefix_list_ids": [],
                "protocol": "tcp",
                "security_groups": [],
                "self": false,
                "to_port": 80
              }
            ],
            "name": "terraform_SG",
            "name_prefix": "",
            "owner_id": "084006927587",
            "revoke_rules_on_delete": false,
            "tags": {
              "Name": "terraform_SG"
            },
            "tags_all": {
              "Name": "terraform_SG"
            },
            "timeouts": null,
            "vpc_id": "vpc-07116dec12a172d22"
          },
          "sensitive_attributes": [],
          "private": "eyJlMmJmYjczMC1lY2FhLTExZTYtOGY4OC0zNDM2M2JjN2M0YzAiOnsiY3JlYXRlIjo2MDAwMDAwMDAwMDAsImRlbGV0ZSI6OTAwMDAwMDAwMDAwfSwic2NoZW1hX3ZlcnNpb24iOiIxIn0="
        }
      ]
    }
  ],
  "check_results": null
}
